// !$*UTF8*$!
{
	archiveVersion = 1;
	classes = {
	};
	objectVersion = 56;
	objects = {

/* Begin PBXBuildFile section */
		0FDE6B322C0995C700F070A5 /* WeatherAppApp.swift in Sources */ = {isa = PBXBuildFile; fileRef = 0FDE6B312C0995C700F070A5 /* WeatherAppApp.swift */; };
		0FDE6B342C0995C700F070A5 /* ContentView.swift in Sources */ = {isa = PBXBuildFile; fileRef = 0FDE6B332C0995C700F070A5 /* ContentView.swift */; };
		0FDE6B362C0995C800F070A5 /* Assets.xcassets in Resources */ = {isa = PBXBuildFile; fileRef = 0FDE6B352C0995C800F070A5 /* Assets.xcassets */; };
		0FDE6B3A2C0995C800F070A5 /* Preview Assets.xcassets in Resources */ = {isa = PBXBuildFile; fileRef = 0FDE6B392C0995C800F070A5 /* Preview Assets.xcassets */; };
		0FDE6B442C0995C900F070A5 /* WeatherAppTests.swift in Sources */ = {isa = PBXBuildFile; fileRef = 0FDE6B432C0995C900F070A5 /* WeatherAppTests.swift */; };
		0FDE6B4E2C0995C900F070A5 /* WeatherAppUITests.swift in Sources */ = {isa = PBXBuildFile; fileRef = 0FDE6B4D2C0995C900F070A5 /* WeatherAppUITests.swift */; };
		0FDE6B502C0995C900F070A5 /* WeatherAppUITestsLaunchTests.swift in Sources */ = {isa = PBXBuildFile; fileRef = 0FDE6B4F2C0995C900F070A5 /* WeatherAppUITestsLaunchTests.swift */; };
		0FDE6B5E2C09986600F070A5 /* LocationManager.swift in Sources */ = {isa = PBXBuildFile; fileRef = 0FDE6B5D2C09986600F070A5 /* LocationManager.swift */; };
		0FDE6B622C09A49000F070A5 /* WelcomeView.swift in Sources */ = {isa = PBXBuildFile; fileRef = 0FDE6B612C09A49000F070A5 /* WelcomeView.swift */; };
		0FDE6B642C09AA8900F070A5 /* LoadingView.swift in Sources */ = {isa = PBXBuildFile; fileRef = 0FDE6B632C09AA8900F070A5 /* LoadingView.swift */; };
		0FDE6B662C09B09A00F070A5 /* WeatherManager.swift in Sources */ = {isa = PBXBuildFile; fileRef = 0FDE6B652C09B09A00F070A5 /* WeatherManager.swift */; };
		0FDE6B682C09CBD900F070A5 /* WeatherView.swift in Sources */ = {isa = PBXBuildFile; fileRef = 0FDE6B672C09CBD900F070A5 /* WeatherView.swift */; };
		0FDE6B6B2C09D6BD00F070A5 /* WeatherRow.swift in Sources */ = {isa = PBXBuildFile; fileRef = 0FDE6B6A2C09D6BD00F070A5 /* WeatherRow.swift */; };
/* End PBXBuildFile section */

/* Begin PBXContainerItemProxy section */
		0FDE6B402C0995C900F070A5 /* PBXContainerItemProxy */ = {
			isa = PBXContainerItemProxy;
			containerPortal = 0FDE6B262C0995C600F070A5 /* Project object */;
			proxyType = 1;
			remoteGlobalIDString = 0FDE6B2D2C0995C600F070A5;
			remoteInfo = WeatherApp;
		};
		0FDE6B4A2C0995C900F070A5 /* PBXContainerItemProxy */ = {
			isa = PBXContainerItemProxy;
			containerPortal = 0FDE6B262C0995C600F070A5 /* Project object */;
			proxyType = 1;
			remoteGlobalIDString = 0FDE6B2D2C0995C600F070A5;
			remoteInfo = WeatherApp;
		};
/* End PBXContainerItemProxy section */

/* Begin PBXFileReference section */
		0FDE6B2E2C0995C600F070A5 /* WeatherApp.app */ = {isa = PBXFileReference; explicitFileType = wrapper.application; includeInIndex = 0; path = WeatherApp.app; sourceTree = BUILT_PRODUCTS_DIR; };
		0FDE6B312C0995C700F070A5 /* WeatherAppApp.swift */ = {isa = PBXFileReference; lastKnownFileType = sourcecode.swift; path = WeatherAppApp.swift; sourceTree = "<group>"; };
		0FDE6B332C0995C700F070A5 /* ContentView.swift */ = {isa = PBXFileReference; lastKnownFileType = sourcecode.swift; path = ContentView.swift; sourceTree = "<group>"; };
		0FDE6B352C0995C800F070A5 /* Assets.xcassets */ = {isa = PBXFileReference; lastKnownFileType = folder.assetcatalog; path = Assets.xcassets; sourceTree = "<group>"; };
		0FDE6B372C0995C800F070A5 /* WeatherApp.entitlements */ = {isa = PBXFileReference; lastKnownFileType = text.plist.entitlements; path = WeatherApp.entitlements; sourceTree = "<group>"; };
		0FDE6B392C0995C800F070A5 /* Preview Assets.xcassets */ = {isa = PBXFileReference; lastKnownFileType = folder.assetcatalog; path = "Preview Assets.xcassets"; sourceTree = "<group>"; };
		0FDE6B3F2C0995C900F070A5 /* WeatherAppTests.xctest */ = {isa = PBXFileReference; explicitFileType = wrapper.cfbundle; includeInIndex = 0; path = WeatherAppTests.xctest; sourceTree = BUILT_PRODUCTS_DIR; };
		0FDE6B432C0995C900F070A5 /* WeatherAppTests.swift */ = {isa = PBXFileReference; lastKnownFileType = sourcecode.swift; path = WeatherAppTests.swift; sourceTree = "<group>"; };
		0FDE6B492C0995C900F070A5 /* WeatherAppUITests.xctest */ = {isa = PBXFileReference; explicitFileType = wrapper.cfbundle; includeInIndex = 0; path = WeatherAppUITests.xctest; sourceTree = BUILT_PRODUCTS_DIR; };
		0FDE6B4D2C0995C900F070A5 /* WeatherAppUITests.swift */ = {isa = PBXFileReference; lastKnownFileType = sourcecode.swift; path = WeatherAppUITests.swift; sourceTree = "<group>"; };
		0FDE6B4F2C0995C900F070A5 /* WeatherAppUITestsLaunchTests.swift */ = {isa = PBXFileReference; lastKnownFileType = sourcecode.swift; path = WeatherAppUITestsLaunchTests.swift; sourceTree = "<group>"; };
		0FDE6B5D2C09986600F070A5 /* LocationManager.swift */ = {isa = PBXFileReference; lastKnownFileType = sourcecode.swift; path = LocationManager.swift; sourceTree = "<group>"; };
		0FDE6B612C09A49000F070A5 /* WelcomeView.swift */ = {isa = PBXFileReference; lastKnownFileType = sourcecode.swift; path = WelcomeView.swift; sourceTree = "<group>"; };
		0FDE6B632C09AA8900F070A5 /* LoadingView.swift */ = {isa = PBXFileReference; lastKnownFileType = sourcecode.swift; path = LoadingView.swift; sourceTree = "<group>"; };
		0FDE6B652C09B09A00F070A5 /* WeatherManager.swift */ = {isa = PBXFileReference; lastKnownFileType = sourcecode.swift; path = WeatherManager.swift; sourceTree = "<group>"; };
		0FDE6B672C09CBD900F070A5 /* WeatherView.swift */ = {isa = PBXFileReference; lastKnownFileType = sourcecode.swift; path = WeatherView.swift; sourceTree = "<group>"; };
		0FDE6B6A2C09D6BD00F070A5 /* WeatherRow.swift */ = {isa = PBXFileReference; lastKnownFileType = sourcecode.swift; path = WeatherRow.swift; sourceTree = "<group>"; };
/* End PBXFileReference section */

/* Begin PBXFrameworksBuildPhase section */
		0FDE6B2B2C0995C600F070A5 /* Frameworks */ = {
			isa = PBXFrameworksBuildPhase;
			buildActionMask = 2147483647;
			files = (
			);
			runOnlyForDeploymentPostprocessing = 0;
		};
		0FDE6B3C2C0995C900F070A5 /* Frameworks */ = {
			isa = PBXFrameworksBuildPhase;
			buildActionMask = 2147483647;
			files = (
			);
			runOnlyForDeploymentPostprocessing = 0;
		};
		0FDE6B462C0995C900F070A5 /* Frameworks */ = {
			isa = PBXFrameworksBuildPhase;
			buildActionMask = 2147483647;
			files = (
			);
			runOnlyForDeploymentPostprocessing = 0;
		};
/* End PBXFrameworksBuildPhase section */

/* Begin PBXGroup section */
		0FDE6B252C0995C600F070A5 = {
			isa = PBXGroup;
			children = (
				0FDE6B302C0995C700F070A5 /* WeatherApp */,
				0FDE6B422C0995C900F070A5 /* WeatherAppTests */,
				0FDE6B4C2C0995C900F070A5 /* WeatherAppUITests */,
				0FDE6B2F2C0995C600F070A5 /* Products */,
			);
			sourceTree = "<group>";
		};
		0FDE6B2F2C0995C600F070A5 /* Products */ = {
			isa = PBXGroup;
			children = (
				0FDE6B2E2C0995C600F070A5 /* WeatherApp.app */,
				0FDE6B3F2C0995C900F070A5 /* WeatherAppTests.xctest */,
				0FDE6B492C0995C900F070A5 /* WeatherAppUITests.xctest */,
			);
			name = Products;
			sourceTree = "<group>";
		};
		0FDE6B302C0995C700F070A5 /* WeatherApp */ = {
			isa = PBXGroup;
			children = (
				0FDE6B692C09D6A900F070A5 /* Components */,
				0FDE6B602C09A3B800F070A5 /* Others */,
				0FDE6B5F2C09A3A800F070A5 /* Views */,
				0FDE6B5C2C09983700F070A5 /* Managers */,
				0FDE6B372C0995C800F070A5 /* WeatherApp.entitlements */,
				0FDE6B382C0995C800F070A5 /* Preview Content */,
			);
			path = WeatherApp;
			sourceTree = "<group>";
		};
		0FDE6B382C0995C800F070A5 /* Preview Content */ = {
			isa = PBXGroup;
			children = (
				0FDE6B392C0995C800F070A5 /* Preview Assets.xcassets */,
			);
			path = "Preview Content";
			sourceTree = "<group>";
		};
		0FDE6B422C0995C900F070A5 /* WeatherAppTests */ = {
			isa = PBXGroup;
			children = (
				0FDE6B432C0995C900F070A5 /* WeatherAppTests.swift */,
			);
			path = WeatherAppTests;
			sourceTree = "<group>";
		};
		0FDE6B4C2C0995C900F070A5 /* WeatherAppUITests */ = {
			isa = PBXGroup;
			children = (
				0FDE6B4D2C0995C900F070A5 /* WeatherAppUITests.swift */,
				0FDE6B4F2C0995C900F070A5 /* WeatherAppUITestsLaunchTests.swift */,
			);
			path = WeatherAppUITests;
			sourceTree = "<group>";
		};
		0FDE6B5C2C09983700F070A5 /* Managers */ = {
			isa = PBXGroup;
			children = (
				0FDE6B5D2C09986600F070A5 /* LocationManager.swift */,
				0FDE6B652C09B09A00F070A5 /* WeatherManager.swift */,
			);
			path = Managers;
			sourceTree = "<group>";
		};
		0FDE6B5F2C09A3A800F070A5 /* Views */ = {
			isa = PBXGroup;
			children = (
				0FDE6B332C0995C700F070A5 /* ContentView.swift */,
				0FDE6B612C09A49000F070A5 /* WelcomeView.swift */,
				0FDE6B632C09AA8900F070A5 /* LoadingView.swift */,
				0FDE6B672C09CBD900F070A5 /* WeatherView.swift */,
			);
			path = Views;
			sourceTree = "<group>";
		};
		0FDE6B602C09A3B800F070A5 /* Others */ = {
			isa = PBXGroup;
			children = (
				0FDE6B352C0995C800F070A5 /* Assets.xcassets */,
				0FDE6B312C0995C700F070A5 /* WeatherAppApp.swift */,
			);
			path = Others;
			sourceTree = "<group>";
		};
		0FDE6B692C09D6A900F070A5 /* Components */ = {
			isa = PBXGroup;
			children = (
				0FDE6B6A2C09D6BD00F070A5 /* WeatherRow.swift */,
			);
			path = Components;
			sourceTree = "<group>";
		};
/* End PBXGroup section */

/* Begin PBXNativeTarget section */
		0FDE6B2D2C0995C600F070A5 /* WeatherApp */ = {
			isa = PBXNativeTarget;
			buildConfigurationList = 0FDE6B532C0995C900F070A5 /* Build configuration list for PBXNativeTarget "WeatherApp" */;
			buildPhases = (
				0FDE6B2A2C0995C600F070A5 /* Sources */,
				0FDE6B2B2C0995C600F070A5 /* Frameworks */,
				0FDE6B2C2C0995C600F070A5 /* Resources */,
			);
			buildRules = (
			);
			dependencies = (
			);
			name = WeatherApp;
			productName = WeatherApp;
			productReference = 0FDE6B2E2C0995C600F070A5 /* WeatherApp.app */;
			productType = "com.apple.product-type.application";
		};
		0FDE6B3E2C0995C900F070A5 /* WeatherAppTests */ = {
			isa = PBXNativeTarget;
			buildConfigurationList = 0FDE6B562C0995C900F070A5 /* Build configuration list for PBXNativeTarget "WeatherAppTests" */;
			buildPhases = (
				0FDE6B3B2C0995C900F070A5 /* Sources */,
				0FDE6B3C2C0995C900F070A5 /* Frameworks */,
				0FDE6B3D2C0995C900F070A5 /* Resources */,
			);
			buildRules = (
			);
			dependencies = (
				0FDE6B412C0995C900F070A5 /* PBXTargetDependency */,
			);
			name = WeatherAppTests;
			productName = WeatherAppTests;
			productReference = 0FDE6B3F2C0995C900F070A5 /* WeatherAppTests.xctest */;
			productType = "com.apple.product-type.bundle.unit-test";
		};
		0FDE6B482C0995C900F070A5 /* WeatherAppUITests */ = {
			isa = PBXNativeTarget;
			buildConfigurationList = 0FDE6B592C0995C900F070A5 /* Build configuration list for PBXNativeTarget "WeatherAppUITests" */;
			buildPhases = (
				0FDE6B452C0995C900F070A5 /* Sources */,
				0FDE6B462C0995C900F070A5 /* Frameworks */,
				0FDE6B472C0995C900F070A5 /* Resources */,
			);
			buildRules = (
			);
			dependencies = (
				0FDE6B4B2C0995C900F070A5 /* PBXTargetDependency */,
			);
			name = WeatherAppUITests;
			productName = WeatherAppUITests;
			productReference = 0FDE6B492C0995C900F070A5 /* WeatherAppUITests.xctest */;
			productType = "com.apple.product-type.bundle.ui-testing";
		};
/* End PBXNativeTarget section */

/* Begin PBXProject section */
		0FDE6B262C0995C600F070A5 /* Project object */ = {
			isa = PBXProject;
			attributes = {
				BuildIndependentTargetsInParallel = 1;
				LastSwiftUpdateCheck = 1540;
				LastUpgradeCheck = 1540;
				TargetAttributes = {
					0FDE6B2D2C0995C600F070A5 = {
						CreatedOnToolsVersion = 15.4;
					};
					0FDE6B3E2C0995C900F070A5 = {
						CreatedOnToolsVersion = 15.4;
						TestTargetID = 0FDE6B2D2C0995C600F070A5;
					};
					0FDE6B482C0995C900F070A5 = {
						CreatedOnToolsVersion = 15.4;
						TestTargetID = 0FDE6B2D2C0995C600F070A5;
					};
				};
			};
			buildConfigurationList = 0FDE6B292C0995C600F070A5 /* Build configuration list for PBXProject "WeatherApp" */;
			compatibilityVersion = "Xcode 14.0";
			developmentRegion = en;
			hasScannedForEncodings = 0;
			knownRegions = (
				en,
				Base,
			);
			mainGroup = 0FDE6B252C0995C600F070A5;
			productRefGroup = 0FDE6B2F2C0995C600F070A5 /* Products */;
			projectDirPath = "";
			projectRoot = "";
			targets = (
				0FDE6B2D2C0995C600F070A5 /* WeatherApp */,
				0FDE6B3E2C0995C900F070A5 /* WeatherAppTests */,
				0FDE6B482C0995C900F070A5 /* WeatherAppUITests */,
			);
		};
/* End PBXProject section */

/* Begin PBXResourcesBuildPhase section */
		0FDE6B2C2C0995C600F070A5 /* Resources */ = {
			isa = PBXResourcesBuildPhase;
			buildActionMask = 2147483647;
			files = (
				0FDE6B3A2C0995C800F070A5 /* Preview Assets.xcassets in Resources */,
				0FDE6B362C0995C800F070A5 /* Assets.xcassets in Resources */,
			);
			runOnlyForDeploymentPostprocessing = 0;
		};
		0FDE6B3D2C0995C900F070A5 /* Resources */ = {
			isa = PBXResourcesBuildPhase;
			buildActionMask = 2147483647;
			files = (
			);
			runOnlyForDeploymentPostprocessing = 0;
		};
		0FDE6B472C0995C900F070A5 /* Resources */ = {
			isa = PBXResourcesBuildPhase;
			buildActionMask = 2147483647;
			files = (
			);
			runOnlyForDeploymentPostprocessing = 0;
		};
/* End PBXResourcesBuildPhase section */

/* Begin PBXSourcesBuildPhase section */
		0FDE6B2A2C0995C600F070A5 /* Sources */ = {
			isa = PBXSourcesBuildPhase;
			buildActionMask = 2147483647;
			files = (
				0FDE6B662C09B09A00F070A5 /* WeatherManager.swift in Sources */,
				0FDE6B342C0995C700F070A5 /* ContentView.swift in Sources */,
				0FDE6B322C0995C700F070A5 /* WeatherAppApp.swift in Sources */,
				0FDE6B6B2C09D6BD00F070A5 /* WeatherRow.swift in Sources */,
				0FDE6B5E2C09986600F070A5 /* LocationManager.swift in Sources */,
				0FDE6B642C09AA8900F070A5 /* LoadingView.swift in Sources */,
				0FDE6B682C09CBD900F070A5 /* WeatherView.swift in Sources */,
				0FDE6B622C09A49000F070A5 /* WelcomeView.swift in Sources */,
			);
			runOnlyForDeploymentPostprocessing = 0;
		};
		0FDE6B3B2C0995C900F070A5 /* Sources */ = {
			isa = PBXSourcesBuildPhase;
			buildActionMask = 2147483647;
			files = (
				0FDE6B442C0995C900F070A5 /* WeatherAppTests.swift in Sources */,
			);
			runOnlyForDeploymentPostprocessing = 0;
		};
		0FDE6B452C0995C900F070A5 /* Sources */ = {
			isa = PBXSourcesBuildPhase;
			buildActionMask = 2147483647;
			files = (
				0FDE6B4E2C0995C900F070A5 /* WeatherAppUITests.swift in Sources */,
				0FDE6B502C0995C900F070A5 /* WeatherAppUITestsLaunchTests.swift in Sources */,
			);
			runOnlyForDeploymentPostprocessing = 0;
		};
/* End PBXSourcesBuildPhase section */

/* Begin PBXTargetDependency section */
		0FDE6B412C0995C900F070A5 /* PBXTargetDependency */ = {
			isa = PBXTargetDependency;
			target = 0FDE6B2D2C0995C600F070A5 /* WeatherApp */;
			targetProxy = 0FDE6B402C0995C900F070A5 /* PBXContainerItemProxy */;
		};
		0FDE6B4B2C0995C900F070A5 /* PBXTargetDependency */ = {
			isa = PBXTargetDependency;
			target = 0FDE6B2D2C0995C600F070A5 /* WeatherApp */;
			targetProxy = 0FDE6B4A2C0995C900F070A5 /* PBXContainerItemProxy */;
		};
/* End PBXTargetDependency section */

/* Begin XCBuildConfiguration section */
		0FDE6B512C0995C900F070A5 /* Debug */ = {
			isa = XCBuildConfiguration;
			buildSettings = {
				ALWAYS_SEARCH_USER_PATHS = NO;
				ASSETCATALOG_COMPILER_GENERATE_SWIFT_ASSET_SYMBOL_EXTENSIONS = YES;
				CLANG_ANALYZER_NONNULL = YES;
				CLANG_ANALYZER_NUMBER_OBJECT_CONVERSION = YES_AGGRESSIVE;
				CLANG_CXX_LANGUAGE_STANDARD = "gnu++20";
				CLANG_ENABLE_MODULES = YES;
				CLANG_ENABLE_OBJC_ARC = YES;
				CLANG_ENABLE_OBJC_WEAK = YES;
				CLANG_WARN_BLOCK_CAPTURE_AUTORELEASING = YES;
				CLANG_WARN_BOOL_CONVERSION = YES;
				CLANG_WARN_COMMA = YES;
				CLANG_WARN_CONSTANT_CONVERSION = YES;
				CLANG_WARN_DEPRECATED_OBJC_IMPLEMENTATIONS = YES;
				CLANG_WARN_DIRECT_OBJC_ISA_USAGE = YES_ERROR;
				CLANG_WARN_DOCUMENTATION_COMMENTS = YES;
				CLANG_WARN_EMPTY_BODY = YES;
				CLANG_WARN_ENUM_CONVERSION = YES;
				CLANG_WARN_INFINITE_RECURSION = YES;
				CLANG_WARN_INT_CONVERSION = YES;
				CLANG_WARN_NON_LITERAL_NULL_CONVERSION = YES;
				CLANG_WARN_OBJC_IMPLICIT_RETAIN_SELF = YES;
				CLANG_WARN_OBJC_LITERAL_CONVERSION = YES;
				CLANG_WARN_OBJC_ROOT_CLASS = YES_ERROR;
				CLANG_WARN_QUOTED_INCLUDE_IN_FRAMEWORK_HEADER = YES;
				CLANG_WARN_RANGE_LOOP_ANALYSIS = YES;
				CLANG_WARN_STRICT_PROTOTYPES = YES;
				CLANG_WARN_SUSPICIOUS_MOVE = YES;
				CLANG_WARN_UNGUARDED_AVAILABILITY = YES_AGGRESSIVE;
				CLANG_WARN_UNREACHABLE_CODE = YES;
				CLANG_WARN__DUPLICATE_METHOD_MATCH = YES;
				COPY_PHASE_STRIP = NO;
				DEBUG_INFORMATION_FORMAT = dwarf;
				ENABLE_STRICT_OBJC_MSGSEND = YES;
				ENABLE_TESTABILITY = YES;
				ENABLE_USER_SCRIPT_SANDBOXING = YES;
				GCC_C_LANGUAGE_STANDARD = gnu17;
				GCC_DYNAMIC_NO_PIC = NO;
				GCC_NO_COMMON_BLOCKS = YES;
				GCC_OPTIMIZATION_LEVEL = 0;
				GCC_PREPROCESSOR_DEFINITIONS = (
					"DEBUG=1",
					"$(inherited)",
				);
				GCC_WARN_64_TO_32_BIT_CONVERSION = YES;
				GCC_WARN_ABOUT_RETURN_TYPE = YES_ERROR;
				GCC_WARN_UNDECLARED_SELECTOR = YES;
				GCC_WARN_UNINITIALIZED_AUTOS = YES_AGGRESSIVE;
				GCC_WARN_UNUSED_FUNCTION = YES;
				GCC_WARN_UNUSED_VARIABLE = YES;
				LOCALIZATION_PREFERS_STRING_CATALOGS = YES;
				MTL_ENABLE_DEBUG_INFO = INCLUDE_SOURCE;
				MTL_FAST_MATH = YES;
				ONLY_ACTIVE_ARCH = YES;
				SWIFT_ACTIVE_COMPILATION_CONDITIONS = "DEBUG $(inherited)";
				SWIFT_OPTIMIZATION_LEVEL = "-Onone";
			};
			name = Debug;
		};
		0FDE6B522C0995C900F070A5 /* Release */ = {
			isa = XCBuildConfiguration;
			buildSettings = {
				ALWAYS_SEARCH_USER_PATHS = NO;
				ASSETCATALOG_COMPILER_GENERATE_SWIFT_ASSET_SYMBOL_EXTENSIONS = YES;
				CLANG_ANALYZER_NONNULL = YES;
				CLANG_ANALYZER_NUMBER_OBJECT_CONVERSION = YES_AGGRESSIVE;
				CLANG_CXX_LANGUAGE_STANDARD = "gnu++20";
				CLANG_ENABLE_MODULES = YES;
				CLANG_ENABLE_OBJC_ARC = YES;
				CLANG_ENABLE_OBJC_WEAK = YES;
				CLANG_WARN_BLOCK_CAPTURE_AUTORELEASING = YES;
				CLANG_WARN_BOOL_CONVERSION = YES;
				CLANG_WARN_COMMA = YES;
				CLANG_WARN_CONSTANT_CONVERSION = YES;
				CLANG_WARN_DEPRECATED_OBJC_IMPLEMENTATIONS = YES;
				CLANG_WARN_DIRECT_OBJC_ISA_USAGE = YES_ERROR;
				CLANG_WARN_DOCUMENTATION_COMMENTS = YES;
				CLANG_WARN_EMPTY_BODY = YES;
				CLANG_WARN_ENUM_CONVERSION = YES;
				CLANG_WARN_INFINITE_RECURSION = YES;
				CLANG_WARN_INT_CONVERSION = YES;
				CLANG_WARN_NON_LITERAL_NULL_CONVERSION = YES;
				CLANG_WARN_OBJC_IMPLICIT_RETAIN_SELF = YES;
				CLANG_WARN_OBJC_LITERAL_CONVERSION = YES;
				CLANG_WARN_OBJC_ROOT_CLASS = YES_ERROR;
				CLANG_WARN_QUOTED_INCLUDE_IN_FRAMEWORK_HEADER = YES;
				CLANG_WARN_RANGE_LOOP_ANALYSIS = YES;
				CLANG_WARN_STRICT_PROTOTYPES = YES;
				CLANG_WARN_SUSPICIOUS_MOVE = YES;
				CLANG_WARN_UNGUARDED_AVAILABILITY = YES_AGGRESSIVE;
				CLANG_WARN_UNREACHABLE_CODE = YES;
				CLANG_WARN__DUPLICATE_METHOD_MATCH = YES;
				COPY_PHASE_STRIP = NO;
				DEBUG_INFORMATION_FORMAT = "dwarf-with-dsym";
				ENABLE_NS_ASSERTIONS = NO;
				ENABLE_STRICT_OBJC_MSGSEND = YES;
				ENABLE_USER_SCRIPT_SANDBOXING = YES;
				GCC_C_LANGUAGE_STANDARD = gnu17;
				GCC_NO_COMMON_BLOCKS = YES;
				GCC_WARN_64_TO_32_BIT_CONVERSION = YES;
				GCC_WARN_ABOUT_RETURN_TYPE = YES_ERROR;
				GCC_WARN_UNDECLARED_SELECTOR = YES;
				GCC_WARN_UNINITIALIZED_AUTOS = YES_AGGRESSIVE;
				GCC_WARN_UNUSED_FUNCTION = YES;
				GCC_WARN_UNUSED_VARIABLE = YES;
				LOCALIZATION_PREFERS_STRING_CATALOGS = YES;
				MTL_ENABLE_DEBUG_INFO = NO;
				MTL_FAST_MATH = YES;
				SWIFT_COMPILATION_MODE = wholemodule;
			};
			name = Release;
		};
		0FDE6B542C0995C900F070A5 /* Debug */ = {
			isa = XCBuildConfiguration;
			buildSettings = {
				ASSETCATALOG_COMPILER_APPICON_NAME = AppIcon;
				ASSETCATALOG_COMPILER_GLOBAL_ACCENT_COLOR_NAME = AccentColor;
				CODE_SIGN_ENTITLEMENTS = WeatherApp/WeatherApp.entitlements;
				CODE_SIGN_STYLE = Automatic;
				CURRENT_PROJECT_VERSION = 1;
				DEVELOPMENT_ASSET_PATHS = "\"WeatherApp/Preview Content\"";
				ENABLE_PREVIEWS = YES;
				GENERATE_INFOPLIST_FILE = YES;
				"INFOPLIST_KEY_UIApplicationSceneManifest_Generation[sdk=iphoneos*]" = YES;
				"INFOPLIST_KEY_UIApplicationSceneManifest_Generation[sdk=iphonesimulator*]" = YES;
				"INFOPLIST_KEY_UIApplicationSupportsIndirectInputEvents[sdk=iphoneos*]" = YES;
				"INFOPLIST_KEY_UIApplicationSupportsIndirectInputEvents[sdk=iphonesimulator*]" = YES;
				"INFOPLIST_KEY_UILaunchScreen_Generation[sdk=iphoneos*]" = YES;
				"INFOPLIST_KEY_UILaunchScreen_Generation[sdk=iphonesimulator*]" = YES;
				"INFOPLIST_KEY_UIStatusBarStyle[sdk=iphoneos*]" = UIStatusBarStyleDefault;
				"INFOPLIST_KEY_UIStatusBarStyle[sdk=iphonesimulator*]" = UIStatusBarStyleDefault;
				INFOPLIST_KEY_UISupportedInterfaceOrientations_iPad = "UIInterfaceOrientationPortrait UIInterfaceOrientationPortraitUpsideDown UIInterfaceOrientationLandscapeLeft UIInterfaceOrientationLandscapeRight";
				INFOPLIST_KEY_UISupportedInterfaceOrientations_iPhone = "UIInterfaceOrientationPortrait UIInterfaceOrientationLandscapeLeft UIInterfaceOrientationLandscapeRight";
				IPHONEOS_DEPLOYMENT_TARGET = 17.5;
				LD_RUNPATH_SEARCH_PATHS = "@executable_path/Frameworks";
				"LD_RUNPATH_SEARCH_PATHS[sdk=macosx*]" = "@executable_path/../Frameworks";
				MACOSX_DEPLOYMENT_TARGET = 14.4;
				MARKETING_VERSION = 1.0;
				PRODUCT_BUNDLE_IDENTIFIER = com.WeatherApp;
				PRODUCT_NAME = "$(TARGET_NAME)";
				SDKROOT = auto;
				SUPPORTED_PLATFORMS = "iphoneos iphonesimulator macosx";
				SWIFT_EMIT_LOC_STRINGS = YES;
				SWIFT_VERSION = 5.0;
				TARGETED_DEVICE_FAMILY = "1,2";
			};
			name = Debug;
		};
		0FDE6B552C0995C900F070A5 /* Release */ = {
			isa = XCBuildConfiguration;
			buildSettings = {
				ASSETCATALOG_COMPILER_APPICON_NAME = AppIcon;
				ASSETCATALOG_COMPILER_GLOBAL_ACCENT_COLOR_NAME = AccentColor;
				CODE_SIGN_ENTITLEMENTS = WeatherApp/WeatherApp.entitlements;
				CODE_SIGN_STYLE = Automatic;
				CURRENT_PROJECT_VERSION = 1;
				DEVELOPMENT_ASSET_PATHS = "\"WeatherApp/Preview Content\"";
				ENABLE_PREVIEWS = YES;
				GENERATE_INFOPLIST_FILE = YES;
				"INFOPLIST_KEY_UIApplicationSceneManifest_Generation[sdk=iphoneos*]" = YES;
				"INFOPLIST_KEY_UIApplicationSceneManifest_Generation[sdk=iphonesimulator*]" = YES;
				"INFOPLIST_KEY_UIApplicationSupportsIndirectInputEvents[sdk=iphoneos*]" = YES;
				"INFOPLIST_KEY_UIApplicationSupportsIndirectInputEvents[sdk=iphonesimulator*]" = YES;
				"INFOPLIST_KEY_UILaunchScreen_Generation[sdk=iphoneos*]" = YES;
				"INFOPLIST_KEY_UILaunchScreen_Generation[sdk=iphonesimulator*]" = YES;
				"INFOPLIST_KEY_UIStatusBarStyle[sdk=iphoneos*]" = UIStatusBarStyleDefault;
				"INFOPLIST_KEY_UIStatusBarStyle[sdk=iphonesimulator*]" = UIStatusBarStyleDefault;
				INFOPLIST_KEY_UISupportedInterfaceOrientations_iPad = "UIInterfaceOrientationPortrait UIInterfaceOrientationPortraitUpsideDown UIInterfaceOrientationLandscapeLeft UIInterfaceOrientationLandscapeRight";
				INFOPLIST_KEY_UISupportedInterfaceOrientations_iPhone = "UIInterfaceOrientationPortrait UIInterfaceOrientationLandscapeLeft UIInterfaceOrientationLandscapeRight";
				IPHONEOS_DEPLOYMENT_TARGET = 17.5;
				LD_RUNPATH_SEARCH_PATHS = "@executable_path/Frameworks";
				"LD_RUNPATH_SEARCH_PATHS[sdk=macosx*]" = "@executable_path/../Frameworks";
				MACOSX_DEPLOYMENT_TARGET = 14.4;
				MARKETING_VERSION = 1.0;
				PRODUCT_BUNDLE_IDENTIFIER = com.WeatherApp;
				PRODUCT_NAME = "$(TARGET_NAME)";
				SDKROOT = auto;
				SUPPORTED_PLATFORMS = "iphoneos iphonesimulator macosx";
				SWIFT_EMIT_LOC_STRINGS = YES;
				SWIFT_VERSION = 5.0;
				TARGETED_DEVICE_FAMILY = "1,2";
			};
			name = Release;
		};
		0FDE6B572C0995C900F070A5 /* Debug */ = {
			isa = XCBuildConfiguration;
			buildSettings = {
				ALWAYS_EMBED_SWIFT_STANDARD_LIBRARIES = YES;
				BUNDLE_LOADER = "$(TEST_HOST)";
				CODE_SIGN_STYLE = Automatic;
				CURRENT_PROJECT_VERSION = 1;
				GENERATE_INFOPLIST_FILE = YES;
				IPHONEOS_DEPLOYMENT_TARGET = 17.5;
				MACOSX_DEPLOYMENT_TARGET = 14.4;
				MARKETING_VERSION = 1.0;
				PRODUCT_BUNDLE_IDENTIFIER = com.WeatherAppTests;
				PRODUCT_NAME = "$(TARGET_NAME)";
				SDKROOT = auto;
				SUPPORTED_PLATFORMS = "iphoneos iphonesimulator macosx";
				SWIFT_EMIT_LOC_STRINGS = NO;
				SWIFT_VERSION = 5.0;
				TARGETED_DEVICE_FAMILY = "1,2";
				TEST_HOST = "$(BUILT_PRODUCTS_DIR)/WeatherApp.app/$(BUNDLE_EXECUTABLE_FOLDER_PATH)/WeatherApp";
			};
			name = Debug;
		};
		0FDE6B582C0995C900F070A5 /* Release */ = {
			isa = XCBuildConfiguration;
			buildSettings = {
				ALWAYS_EMBED_SWIFT_STANDARD_LIBRARIES = YES;
				BUNDLE_LOADER = "$(TEST_HOST)";
				CODE_SIGN_STYLE = Automatic;
				CURRENT_PROJECT_VERSION = 1;
				GENERATE_INFOPLIST_FILE = YES;
				IPHONEOS_DEPLOYMENT_TARGET = 17.5;
				MACOSX_DEPLOYMENT_TARGET = 14.4;
				MARKETING_VERSION = 1.0;
				PRODUCT_BUNDLE_IDENTIFIER = com.WeatherAppTests;
				PRODUCT_NAME = "$(TARGET_NAME)";
				SDKROOT = auto;
				SUPPORTED_PLATFORMS = "iphoneos iphonesimulator macosx";
				SWIFT_EMIT_LOC_STRINGS = NO;
				SWIFT_VERSION = 5.0;
				TARGETED_DEVICE_FAMILY = "1,2";
				TEST_HOST = "$(BUILT_PRODUCTS_DIR)/WeatherApp.app/$(BUNDLE_EXECUTABLE_FOLDER_PATH)/WeatherApp";
			};
			name = Release;
		};
		0FDE6B5A2C0995C900F070A5 /* Debug */ = {
			isa = XCBuildConfiguration;
			buildSettings = {
				ALWAYS_EMBED_SWIFT_STANDARD_LIBRARIES = YES;
				CODE_SIGN_STYLE = Automatic;
				CURRENT_PROJECT_VERSION = 1;
				GENERATE_INFOPLIST_FILE = YES;
				IPHONEOS_DEPLOYMENT_TARGET = 17.5;
				MACOSX_DEPLOYMENT_TARGET = 14.4;
				MARKETING_VERSION = 1.0;
				PRODUCT_BUNDLE_IDENTIFIER = com.WeatherAppUITests;
				PRODUCT_NAME = "$(TARGET_NAME)";
				SDKROOT = auto;
				SUPPORTED_PLATFORMS = "iphoneos iphonesimulator macosx";
				SWIFT_EMIT_LOC_STRINGS = NO;
				SWIFT_VERSION = 5.0;
				TARGETED_DEVICE_FAMILY = "1,2";
				TEST_TARGET_NAME = WeatherApp;
			};
			name = Debug;
		};
		0FDE6B5B2C0995C900F070A5 /* Release */ = {
			isa = XCBuildConfiguration;
			buildSettings = {
				ALWAYS_EMBED_SWIFT_STANDARD_LIBRARIES = YES;
				CODE_SIGN_STYLE = Automatic;
				CURRENT_PROJECT_VERSION = 1;
				GENERATE_INFOPLIST_FILE = YES;
				IPHONEOS_DEPLOYMENT_TARGET = 17.5;
				MACOSX_DEPLOYMENT_TARGET = 14.4;
				MARKETING_VERSION = 1.0;
				PRODUCT_BUNDLE_IDENTIFIER = com.WeatherAppUITests;
				PRODUCT_NAME = "$(TARGET_NAME)";
				SDKROOT = auto;
				SUPPORTED_PLATFORMS = "iphoneos iphonesimulator macosx";
				SWIFT_EMIT_LOC_STRINGS = NO;
				SWIFT_VERSION = 5.0;
				TARGETED_DEVICE_FAMILY = "1,2";
				TEST_TARGET_NAME = WeatherApp;
			};
			name = Release;
		};
/* End XCBuildConfiguration section */

/* Begin XCConfigurationList section */
		0FDE6B292C0995C600F070A5 /* Build configuration list for PBXProject "WeatherApp" */ = {
			isa = XCConfigurationList;
			buildConfigurations = (
				0FDE6B512C0995C900F070A5 /* Debug */,
				0FDE6B522C0995C900F070A5 /* Release */,
			);
			defaultConfigurationIsVisible = 0;
			defaultConfigurationName = Release;
		};
		0FDE6B532C0995C900F070A5 /* Build configuration list for PBXNativeTarget "WeatherApp" */ = {
			isa = XCConfigurationList;
			buildConfigurations = (
				0FDE6B542C0995C900F070A5 /* Debug */,
				0FDE6B552C0995C900F070A5 /* Release */,
			);
			defaultConfigurationIsVisible = 0;
			defaultConfigurationName = Release;
		};
		0FDE6B562C0995C900F070A5 /* Build configuration list for PBXNativeTarget "WeatherAppTests" */ = {
			isa = XCConfigurationList;
			buildConfigurations = (
				0FDE6B572C0995C900F070A5 /* Debug */,
				0FDE6B582C0995C900F070A5 /* Release */,
			);
			defaultConfigurationIsVisible = 0;
			defaultConfigurationName = Release;
		};
		0FDE6B592C0995C900F070A5 /* Build configuration list for PBXNativeTarget "WeatherAppUITests" */ = {
			isa = XCConfigurationList;
			buildConfigurations = (
				0FDE6B5A2C0995C900F070A5 /* Debug */,
				0FDE6B5B2C0995C900F070A5 /* Release */,
			);
			defaultConfigurationIsVisible = 0;
			defaultConfigurationName = Release;
		};
/* End XCConfigurationList section */
	};
	rootObject = 0FDE6B262C0995C600F070A5 /* Project object */;
}
